
Microsoft Visual Studio Solution File, Format Version 12.00
# Visual Studio 14
VisualStudioVersion = 14.0.25420.1
MinimumVisualStudioVersion = 10.0.40219.1
Project("{FAE04EC0-301F-11D3-BF4B-00C04F79EFBC}") = "Loansv2", "Loansv2\Loansv2.csproj", "{AAD5BE24-C113-4616-B673-E51B9C26434E}"
EndProject
Project("{FAE04EC0-301F-11D3-BF4B-00C04F79EFBC}") = "Loansv2.Tests", "Loansv2.Tests\Loansv2.Tests.csproj", "{F2E3E53A-4522-499F-9ED8-9B038A23F183}"
EndProject
Global
	GlobalSection(SolutionConfigurationPlatforms) = preSolution
		Debug|Any CPU = Debug|Any CPU
		Release|Any CPU = Release|Any CPU
	EndGlobalSection
	GlobalSection(ProjectConfigurationPlatforms) = postSolution
		{AAD5BE24-C113-4616-B673-E51B9C26434E}.Debug|Any CPU.ActiveCfg = Debug|Any CPU
		{AAD5BE24-C113-4616-B673-E51B9C26434E}.Debug|Any CPU.Build.0 = Debug|Any CPU
		{AAD5BE24-C113-4616-B673-E51B9C26434E}.Release|Any CPU.ActiveCfg = Release|Any CPU
		{AAD5BE24-C113-4616-B673-E51B9C26434E}.Release|Any CPU.Build.0 = Release|Any CPU
		{F2E3E53A-4522-499F-9ED8-9B038A23F183}.Debug|Any CPU.ActiveCfg = Debug|Any CPU
		{F2E3E53A-4522-499F-9ED8-9B038A23F183}.Debug|Any CPU.Build.0 = Debug|Any CPU
		{F2E3E53A-4522-499F-9ED8-9B038A23F183}.Release|Any CPU.ActiveCfg = Release|Any CPU
		{F2E3E53A-4522-499F-9ED8-9B038A23F183}.Release|Any CPU.Build.0 = Release|Any CPU
	EndGlobalSection
	GlobalSection(SolutionProperties) = preSolution
		HideSolutionNode = FALSE
	EndGlobalSection
EndGlobal
